
Microsoft Visual Studio Solution File, Format Version 12.00
# Visual Studio 15
Project("{FAE04EC0-301F-11D3-BF4B-00C04F79EFBC}") = "Assembly-CSharp", "Assembly-CSharp.csproj", "{CC51AE0C-E672-769A-14FA-3539C5A63389}"
EndProject
Global
	GlobalSection(SolutionConfigurationPlatforms) = preSolution
		Debug|Any CPU = Debug|Any CPU
		Release|Any CPU = Release|Any CPU
	EndGlobalSection
	GlobalSection(ProjectConfigurationPlatforms) = postSolution
		{CC51AE0C-E672-769A-14FA-3539C5A63389}.Debug|Any CPU.ActiveCfg = Debug|Any CPU
		{CC51AE0C-E672-769A-14FA-3539C5A63389}.Debug|Any CPU.Build.0 = Debug|Any CPU
		{CC51AE0C-E672-769A-14FA-3539C5A63389}.Release|Any CPU.ActiveCfg = Release|Any CPU
		{CC51AE0C-E672-769A-14FA-3539C5A63389}.Release|Any CPU.Build.0 = Release|Any CPU
	EndGlobalSection
	GlobalSection(SolutionProperties) = preSolution
		HideSolutionNode = FALSE
	EndGlobalSection
EndGlobal
