
Microsoft Visual Studio Solution File, Format Version 12.00
# Visual Studio Version 16
VisualStudioVersion = 16.0.31624.102
MinimumVisualStudioVersion = 10.0.40219.1
Project("{FAE04EC0-301F-11D3-BF4B-00C04F79EFBC}") = "simple_calc", "simple_calc.csproj", "{F58EF8C8-B965-45EB-B619-D51A67F358E0}"
EndProject
Global
	GlobalSection(SolutionConfigurationPlatforms) = preSolution
		Debug|Any CPU = Debug|Any CPU
		Release|Any CPU = Release|Any CPU
	EndGlobalSection
	GlobalSection(ProjectConfigurationPlatforms) = postSolution
		{F58EF8C8-B965-45EB-B619-D51A67F358E0}.Debug|Any CPU.ActiveCfg = Debug|Any CPU
		{F58EF8C8-B965-45EB-B619-D51A67F358E0}.Debug|Any CPU.Build.0 = Debug|Any CPU
		{F58EF8C8-B965-45EB-B619-D51A67F358E0}.Release|Any CPU.ActiveCfg = Release|Any CPU
		{F58EF8C8-B965-45EB-B619-D51A67F358E0}.Release|Any CPU.Build.0 = Release|Any CPU
	EndGlobalSection
	GlobalSection(SolutionProperties) = preSolution
		HideSolutionNode = FALSE
	EndGlobalSection
	GlobalSection(ExtensibilityGlobals) = postSolution
		SolutionGuid = {CD1C109C-1982-4231-B0B6-24926DB51400}
	EndGlobalSection
EndGlobal
